Microsoft Visual Studio Solution File, Format Version 12.00
# Visual Studio Version 17
VisualStudioVersion = 17.5.2.0
MinimumVisualStudioVersion = 10.0.40219.1
Project("{FAE04EC0-301F-11D3-BF4B-00C04F79EFBC}") = "Cursos", "Cursos.csproj", "{48672B79-1421-E41F-4C95-D7FC49274BE6}"
EndProject
Global
	GlobalSection(SolutionConfigurationPlatforms) = preSolution
		Debug|Any CPU = Debug|Any CPU
		Release|Any CPU = Release|Any CPU
	EndGlobalSection
	GlobalSection(ProjectConfigurationPlatforms) = postSolution
		{48672B79-1421-E41F-4C95-D7FC49274BE6}.Debug|Any CPU.ActiveCfg = Debug|Any CPU
		{48672B79-1421-E41F-4C95-D7FC49274BE6}.Debug|Any CPU.Build.0 = Debug|Any CPU
		{48672B79-1421-E41F-4C95-D7FC49274BE6}.Release|Any CPU.ActiveCfg = Release|Any CPU
		{48672B79-1421-E41F-4C95-D7FC49274BE6}.Release|Any CPU.Build.0 = Release|Any CPU
	EndGlobalSection
	GlobalSection(SolutionProperties) = preSolution
		HideSolutionNode = FALSE
	EndGlobalSection
	GlobalSection(ExtensibilityGlobals) = postSolution
		SolutionGuid = {D65E048F-A007-4A53-8958-61E1741D39F4}
	EndGlobalSection
EndGlobal
